{
  "name": "github.com",
  "lockfileVersion": 3,
  "requires": true,
  "packages": {
    "": {
      "dependencies": {
        "@storyblok/react": "^2.4.7",
        "gem": "^2.4.3"
      }
    },
    "node_modules/@storyblok/js": {
      "version": "2.3.0",
      "resolved": "https://registry.npmjs.org/@storyblok/js/-/js-2.3.0.tgz",
      "integrity": "sha512-xI69Ec0hVtg6Z6asI38UU/Ztag0CYEfFlFY6ti/TcJiaJeOFAvSUnRXwZ4yb86V8jjsNPaWt37oFk7Jr+isy4g==",
      "dependencies": {
        "storyblok-js-client": "^5.14.2"
      }
    },
    "node_modules/@storyblok/react": {
      "version": "2.4.7",
      "resolved": "https://registry.npmjs.org/@storyblok/react/-/react-2.4.7.tgz",
      "integrity": "sha512-maEEoupuLvKmxaZz1CFAn7jnNXL9y14zyr+9UqbP/btiahp9ZSX5JMuDRBRscfQ6UMjmbd+ijdnl1BgFkAZfwA==",
      "dependencies": {
        "@storyblok/js": "^2.3.0"
      },
      "peerDependencies": {
        "react": "^17.0.0 || ^18.0.0",
        "react-dom": "^17.0.0 || ^18.0.0"
      }
    },
    "node_modules/emitter-b": {
      "version": "1.0.0",
      "resolved": "https://registry.npmjs.org/emitter-b/-/emitter-b-1.0.0.tgz",
      "integrity": "sha512-Ug5yFHs+cj511x0hsP8TO2nbXiJ+c8Adol9xiob/qXD8ptihxZ1mr1z3D5Cph2TJoQgUNH9fXwrBNhHxL6KJ+w==",
      "dependencies": {
        "proto": ">=1.0.17"
      }
    },
    "node_modules/gem": {
      "version": "2.4.3",
      "resolved": "https://registry.npmjs.org/gem/-/gem-2.4.3.tgz",
      "integrity": "sha512-PkXm35oFCg9/Sb7RvYar3JlYuPBkBBgiH5G3Z97Xy9gIU8Zy5hBA/K9rk3AxeCiQRNm/n4koItA7zb/irbcvlA==",
      "dependencies": {
        "emitter-b": "*",
        "hashmap": "https://github.com/Tixit/hashmap/archive/c666bbe32a8d23bbafc96c5d8f18e385b1b00f27.tar.gz",
        "observe": "1",
        "proto": ">=1.0.17",
        "trimArguments": "https://github.com/fresheneesz/trimArguments/archive/c9c023c9ff1e0aec4b67370a80a92dacadcf8b11.tar.gz"
      }
    },
    "node_modules/hashmap": {
      "version": "2.0.5-minfiedBugFix",
      "resolved": "https://github.com/Tixit/hashmap/archive/c666bbe32a8d23bbafc96c5d8f18e385b1b00f27.tar.gz",
      "integrity": "sha512-VYmmBJ/KuQgX7flE0edHE7ke0PXIi/wbpcv+s7mrMkOJSoE/L/BNCWyODSWSznT5spxwInc4iymCa8VGisC3Ew==",
      "license": "MIT",
      "engines": {
        "node": "*"
      }
    },
    "node_modules/js-tokens": {
      "version": "4.0.0",
      "resolved": "https://registry.npmjs.org/js-tokens/-/js-tokens-4.0.0.tgz",
      "integrity": "sha512-RdJUflcE3cUzKiMqQgsCu06FPu9UdIJO0beYbPhHN4k6apgJtifcoCtT9bcxOpYBtpD2kCM6Sbzg4CausW/PKQ==",
      "peer": true
    },
    "node_modules/loose-envify": {
      "version": "1.4.0",
      "resolved": "https://registry.npmjs.org/loose-envify/-/loose-envify-1.4.0.tgz",
      "integrity": "sha512-lyuxPGr/Wfhrlem2CL/UcnUc1zcqKAImBDzukY7Y5F/yQiNdko6+fRLevlw1HgMySw7f611UIY408EtxRSoK3Q==",
      "peer": true,
      "dependencies": {
        "js-tokens": "^3.0.0 || ^4.0.0"
      },
      "bin": {
        "loose-envify": "cli.js"
      }
    },
    "node_modules/observe": {
      "version": "1.4.1",
      "resolved": "https://registry.npmjs.org/observe/-/observe-1.4.1.tgz",
      "integrity": "sha512-xq1XHEwjJm5Vqpvpy0/RknqF+rDsg8o6CApoWxfGizHEjFCruOU4HnScM2wQesoug4hMg07nLinTCBaZK6aAPA==",
      "dependencies": {
        "proto": "*"
      }
    },
    "node_modules/proto": {
      "version": "1.0.19",
      "resolved": "https://registry.npmjs.org/proto/-/proto-1.0.19.tgz",
      "integrity": "sha512-NNRn4T3FAcMbiRZAr6HlAP3PyqSv79bcYdfiZbY1nognRTVeGAd5Ncg4yHZdM2ey9ovP/sOg/0lfalvaj3ZpHA=="
    },
    "node_modules/react": {
      "version": "18.2.0",
      "resolved": "https://registry.npmjs.org/react/-/react-18.2.0.tgz",
      "integrity": "sha512-/3IjMdb2L9QbBdWiW5e3P2/npwMBaU9mHCSCUzNln0ZCYbcfTsGbTJrU/kGemdH2IWmB2ioZ+zkxtmq6g09fGQ==",
      "peer": true,
      "dependencies": {
        "loose-envify": "^1.1.0"
      },
      "engines": {
        "node": ">=0.10.0"
      }
    },
    "node_modules/react-dom": {
      "version": "18.2.0",
      "resolved": "https://registry.npmjs.org/react-dom/-/react-dom-18.2.0.tgz",
      "integrity": "sha512-6IMTriUmvsjHUjNtEDudZfuDQUoWXVxKHhlEGSk81n4YFS+r/Kl99wXiwlVXtPBtJenozv2P+hxDsw9eA7Xo6g==",
      "peer": true,
      "dependencies": {
        "loose-envify": "^1.1.0",
        "scheduler": "^0.23.0"
      },
      "peerDependencies": {
        "react": "^18.2.0"
      }
    },
    "node_modules/scheduler": {
      "version": "0.23.0",
      "resolved": "https://registry.npmjs.org/scheduler/-/scheduler-0.23.0.tgz",
      "integrity": "sha512-CtuThmgHNg7zIZWAXi3AsyIzA3n4xx7aNyjwC2VJldO2LMVDhFK+63xGqq6CsJH4rTAt6/M+N4GhZiDYPx9eUw==",
      "peer": true,
      "dependencies": {
        "loose-envify": "^1.1.0"
      }
    },
    "node_modules/storyblok-js-client": {
      "version": "5.14.4",
      "resolved": "https://registry.npmjs.org/storyblok-js-client/-/storyblok-js-client-5.14.4.tgz",
      "integrity": "sha512-9yY33tvfO3Cbe25h/l6K0T3IxJeOOyGl/pCwsd55woT0ZEBhIiEZoMumpRsyLjD5AedW9KXLbLjMXhHazkepCA=="
    },
    "node_modules/trimArguments": {
      "version": "1.0.1",
      "resolved": "https://github.com/fresheneesz/trimArguments/archive/c9c023c9ff1e0aec4b67370a80a92dacadcf8b11.tar.gz",
      "integrity": "sha512-SC6VIl5Lbma02frRD70cQg/IFW2czQrTiyhUqzCWUWxm80VxCR9i9HD0GkSe8gaGUlyc7YVhdMa6wccli1j/TA=="
    }
  }
}
